
Microsoft Visual Studio Solution File, Format Version 12.00
# Visual Studio 14
VisualStudioVersion = 14.0.25123.0
MinimumVisualStudioVersion = 10.0.40219.1
Project("{FAE04EC0-301F-11D3-BF4B-00C04F79EFBC}") = "JMLoc15", "JMLoc15\JMLoc15.csproj", "{DAD128F3-AB9B-48C3-86AE-B8A0EAC4B4B4}"
EndProject
Global
	GlobalSection(SolutionConfigurationPlatforms) = preSolution
		Debug|Any CPU = Debug|Any CPU
		Release|Any CPU = Release|Any CPU
	EndGlobalSection
	GlobalSection(ProjectConfigurationPlatforms) = postSolution
		{DAD128F3-AB9B-48C3-86AE-B8A0EAC4B4B4}.Debug|Any CPU.ActiveCfg = Debug|Any CPU
		{DAD128F3-AB9B-48C3-86AE-B8A0EAC4B4B4}.Debug|Any CPU.Build.0 = Debug|Any CPU
		{DAD128F3-AB9B-48C3-86AE-B8A0EAC4B4B4}.Release|Any CPU.ActiveCfg = Release|Any CPU
		{DAD128F3-AB9B-48C3-86AE-B8A0EAC4B4B4}.Release|Any CPU.Build.0 = Release|Any CPU
	EndGlobalSection
	GlobalSection(SolutionProperties) = preSolution
		HideSolutionNode = FALSE
	EndGlobalSection
EndGlobal
